[[package]]
name = "appdirs"
version = "1.4.4"
description = "A small Python module for determining appropriate platform-specific dirs, e.g. a \"user data dir\"."
category = "main"
optional = false
python-versions = "*"

[[package]]
name = "certifi"
version = "2020.6.20"
description = "Python package for providing Mozilla's CA Bundle."
category = "main"
optional = false
python-versions = "*"

[[package]]
name = "cfgv"
version = "3.1.0"
description = "Validate configuration and produce human readable error messages."
category = "main"
optional = false
python-versions = ">=3.6.1"

[[package]]
name = "chardet"
version = "3.0.4"
description = "Universal encoding detector for Python 2 and 3"
category = "main"
optional = false
python-versions = "*"

[[package]]
name = "distlib"
version = "0.3.1"
description = "Distribution utilities"
category = "main"
optional = false
python-versions = "*"

[[package]]
name = "filelock"
version = "3.0.12"
description = "A platform independent file lock."
category = "main"
optional = false
python-versions = "*"

[[package]]
name = "identify"
version = "1.4.25"
description = "File identification library for Python"
category = "main"
optional = false
python-versions = "!=3.0.*,!=3.1.*,!=3.2.*,!=3.3.*,>=2.7"

[package.extras]
license = ["editdistance"]

[[package]]
name = "idna"
version = "2.10"
description = "Internationalized Domain Names in Applications (IDNA)"
category = "main"
optional = false
python-versions = ">=2.7, !=3.0.*, !=3.1.*, !=3.2.*, !=3.3.*"

[[package]]
name = "importlib-metadata"
version = "1.7.0"
description = "Read metadata from Python packages"
category = "main"
optional = false
python-versions = "!=3.0.*,!=3.1.*,!=3.2.*,!=3.3.*,!=3.4.*,>=2.7"

[package.dependencies]
zipp = ">=0.5"

[package.extras]
docs = ["sphinx", "rst.linker"]
testing = ["packaging", "pep517", "importlib-resources (>=1.3)"]

[[package]]
name = "lxml"
version = "4.6.3"
description = "Powerful and Pythonic XML processing library combining libxml2/libxslt with the ElementTree API."
category = "main"
optional = false
python-versions = ">=2.7, !=3.0.*, !=3.1.*, !=3.2.*, !=3.3.*, != 3.4.*"

[package.extras]
cssselect = ["cssselect (>=0.7)"]
html5 = ["html5lib"]
htmlsoup = ["beautifulsoup4"]
source = ["Cython (>=0.29.7)"]

[[package]]
name = "nodeenv"
version = "1.4.0"
description = "Node.js virtual environment builder"
category = "main"
optional = false
python-versions = "*"

[[package]]
name = "pre-commit"
version = "2.12.1"
description = "A framework for managing and maintaining multi-language pre-commit hooks."
category = "main"
optional = false
python-versions = ">=3.6.1"

[package.dependencies]
cfgv = ">=2.0.0"
identify = ">=1.0.0"
importlib-metadata = {version = "*", markers = "python_version < \"3.8\""}
nodeenv = ">=0.11.1"
pyyaml = ">=5.1"
toml = "*"
virtualenv = ">=20.0.8"

[[package]]
name = "python-gnupg"
version = "0.4.8"
description = "A wrapper for the Gnu Privacy Guard (GPG or GnuPG)"
category = "main"
optional = false
python-versions = "*"

[[package]]
name = "pyyaml"
version = "5.4"
description = "YAML parser and emitter for Python"
category = "main"
optional = false
python-versions = ">=2.7, !=3.0.*, !=3.1.*, !=3.2.*, !=3.3.*, !=3.4.*, !=3.5.*"

[[package]]
name = "requests"
version = "2.25.1"
description = "Python HTTP for Humans."
category = "main"
optional = false
python-versions = ">=2.7, !=3.0.*, !=3.1.*, !=3.2.*, !=3.3.*, !=3.4.*"

[package.dependencies]
certifi = ">=2017.4.17"
chardet = ">=3.0.2,<5"
idna = ">=2.5,<3"
urllib3 = ">=1.21.1,<1.27"

[package.extras]
security = ["pyOpenSSL (>=0.14)", "cryptography (>=1.3.4)"]
socks = ["PySocks (>=1.5.6,!=1.5.7)", "win-inet-pton"]

[[package]]
name = "six"
version = "1.15.0"
description = "Python 2 and 3 compatibility utilities"
category = "main"
optional = false
python-versions = ">=2.7, !=3.0.*, !=3.1.*, !=3.2.*"

[[package]]
name = "toml"
version = "0.10.1"
description = "Python Library for Tom's Obvious, Minimal Language"
category = "main"
optional = false
python-versions = "*"

[[package]]
name = "urllib3"
version = "1.25.9"
description = "HTTP library with thread-safe connection pooling, file post, and more."
category = "main"
optional = false
python-versions = ">=2.7, !=3.0.*, !=3.1.*, !=3.2.*, !=3.3.*, !=3.4.*, <4"

[package.extras]
brotli = ["brotlipy (>=0.6.0)"]
secure = ["certifi", "cryptography (>=1.3.4)", "idna (>=2.0.0)", "pyOpenSSL (>=0.14)", "ipaddress"]
socks = ["PySocks (>=1.5.6,!=1.5.7,<2.0)"]

[[package]]
name = "virtualenv"
version = "20.0.27"
description = "Virtual Python Environment builder"
category = "main"
optional = false
python-versions = "!=3.0.*,!=3.1.*,!=3.2.*,!=3.3.*,>=2.7"

[package.dependencies]
appdirs = ">=1.4.3,<2"
distlib = ">=0.3.1,<1"
filelock = ">=3.0.0,<4"
importlib-metadata = {version = ">=0.12,<2", markers = "python_version < \"3.8\""}
six = ">=1.9.0,<2"

[package.extras]
docs = ["sphinx (>=3)", "sphinx-argparse (>=0.2.5)", "sphinx-rtd-theme (>=0.4.3)", "towncrier (>=19.9.0rc1)", "proselint (>=0.10.2)"]
testing = ["pytest (>=4)", "coverage (>=5)", "coverage-enable-subprocess (>=1)", "pytest-xdist (>=1.31.0)", "pytest-mock (>=2)", "pytest-env (>=0.6.2)", "pytest-randomly (>=1)", "pytest-timeout (>=1)", "pytest-freezegun (>=0.4.1)", "flaky (>=3)", "packaging (>=20.0)", "xonsh (>=0.9.16)"]

[[package]]
name = "zipp"
version = "3.1.0"
description = "Backport of pathlib-compatible object wrapper for zip files"
category = "main"
optional = false
python-versions = ">=3.6"

[package.extras]
docs = ["sphinx", "jaraco.packaging (>=3.2)", "rst.linker (>=1.9)"]
testing = ["jaraco.itertools", "func-timeout"]

[metadata]
lock-version = "1.1"
python-versions = "^3.7"
content-hash = "7c71f0cc0afb346b5c54d2f249e066f3ddf17a641e48347fa7217b9ca206c5cd"

[metadata.files]
appdirs = [
    {file = "appdirs-1.4.4-py2.py3-none-any.whl", hash = "sha256:a841dacd6b99318a741b166adb07e19ee71a274450e68237b4650ca1055ab128"},
    {file = "appdirs-1.4.4.tar.gz", hash = "sha256:7d5d0167b2b1ba821647616af46a749d1c653740dd0d2415100fe26e27afdf41"},
]
certifi = [
    {file = "certifi-2020.6.20-py2.py3-none-any.whl", hash = "sha256:8fc0819f1f30ba15bdb34cceffb9ef04d99f420f68eb75d901e9560b8749fc41"},
    {file = "certifi-2020.6.20.tar.gz", hash = "sha256:5930595817496dd21bb8dc35dad090f1c2cd0adfaf21204bf6732ca5d8ee34d3"},
]
cfgv = [
    {file = "cfgv-3.1.0-py2.py3-none-any.whl", hash = "sha256:1ccf53320421aeeb915275a196e23b3b8ae87dea8ac6698b1638001d4a486d53"},
    {file = "cfgv-3.1.0.tar.gz", hash = "sha256:c8e8f552ffcc6194f4e18dd4f68d9aef0c0d58ae7e7be8c82bee3c5e9edfa513"},
]
chardet = [
    {file = "chardet-3.0.4-py2.py3-none-any.whl", hash = "sha256:fc323ffcaeaed0e0a02bf4d117757b98aed530d9ed4531e3e15460124c106691"},
    {file = "chardet-3.0.4.tar.gz", hash = "sha256:84ab92ed1c4d4f16916e05906b6b75a6c0fb5db821cc65e70cbd64a3e2a5eaae"},
]
distlib = [
    {file = "distlib-0.3.1-py2.py3-none-any.whl", hash = "sha256:8c09de2c67b3e7deef7184574fc060ab8a793e7adbb183d942c389c8b13c52fb"},
    {file = "distlib-0.3.1.zip", hash = "sha256:edf6116872c863e1aa9d5bb7cb5e05a022c519a4594dc703843343a9ddd9bff1"},
]
filelock = [
    {file = "filelock-3.0.12-py3-none-any.whl", hash = "sha256:929b7d63ec5b7d6b71b0fa5ac14e030b3f70b75747cef1b10da9b879fef15836"},
    {file = "filelock-3.0.12.tar.gz", hash = "sha256:18d82244ee114f543149c66a6e0c14e9c4f8a1044b5cdaadd0f82159d6a6ff59"},
]
identify = [
    {file = "identify-1.4.25-py2.py3-none-any.whl", hash = "sha256:ccd88716b890ecbe10920659450a635d2d25de499b9a638525a48b48261d989b"},
    {file = "identify-1.4.25.tar.gz", hash = "sha256:110ed090fec6bce1aabe3c72d9258a9de82207adeaa5a05cd75c635880312f9a"},
]
idna = [
    {file = "idna-2.10-py2.py3-none-any.whl", hash = "sha256:b97d804b1e9b523befed77c48dacec60e6dcb0b5391d57af6a65a312a90648c0"},
    {file = "idna-2.10.tar.gz", hash = "sha256:b307872f855b18632ce0c21c5e45be78c0ea7ae4c15c828c20788b26921eb3f6"},
]
importlib-metadata = [
    {file = "importlib_metadata-1.7.0-py2.py3-none-any.whl", hash = "sha256:dc15b2969b4ce36305c51eebe62d418ac7791e9a157911d58bfb1f9ccd8e2070"},
    {file = "importlib_metadata-1.7.0.tar.gz", hash = "sha256:90bb658cdbbf6d1735b6341ce708fc7024a3e14e99ffdc5783edea9f9b077f83"},
]
lxml = [
    {file = "lxml-4.6.3-cp27-cp27m-macosx_10_9_x86_64.whl", hash = "sha256:df7c53783a46febb0e70f6b05df2ba104610f2fb0d27023409734a3ecbb78fb2"},
    {file = "lxml-4.6.3-cp27-cp27m-manylinux1_i686.whl", hash = "sha256:1b7584d421d254ab86d4f0b13ec662a9014397678a7c4265a02a6d7c2b18a75f"},
    {file = "lxml-4.6.3-cp27-cp27m-manylinux1_x86_64.whl", hash = "sha256:079f3ae844f38982d156efce585bc540c16a926d4436712cf4baee0cce487a3d"},
    {file = "lxml-4.6.3-cp27-cp27m-win32.whl", hash = "sha256:bc4313cbeb0e7a416a488d72f9680fffffc645f8a838bd2193809881c67dd106"},
    {file = "lxml-4.6.3-cp27-cp27m-win_amd64.whl", hash = "sha256:8157dadbb09a34a6bd95a50690595e1fa0af1a99445e2744110e3dca7831c4ee"},
    {file = "lxml-4.6.3-cp27-cp27mu-manylinux1_i686.whl", hash = "sha256:7728e05c35412ba36d3e9795ae8995e3c86958179c9770e65558ec3fdfd3724f"},
    {file = "lxml-4.6.3-cp27-cp27mu-manylinux1_x86_64.whl", hash = "sha256:4bff24dfeea62f2e56f5bab929b4428ae6caba2d1eea0c2d6eb618e30a71e6d4"},
    {file = "lxml-4.6.3-cp310-cp310-manylinux_2_12_i686.manylinux2010_i686.manylinux_2_24_i686.whl", hash = "sha256:64812391546a18896adaa86c77c59a4998f33c24788cadc35789e55b727a37f4"},
    {file = "lxml-4.6.3-cp310-cp310-manylinux_2_17_x86_64.manylinux2014_x86_64.manylinux_2_24_x86_64.whl", hash = "sha256:c1a40c06fd5ba37ad39caa0b3144eb3772e813b5fb5b084198a985431c2f1e8d"},
    {file = "lxml-4.6.3-cp35-cp35m-manylinux1_i686.whl", hash = "sha256:74f7d8d439b18fa4c385f3f5dfd11144bb87c1da034a466c5b5577d23a1d9b51"},
    {file = "lxml-4.6.3-cp35-cp35m-manylinux1_x86_64.whl", hash = "sha256:f90ba11136bfdd25cae3951af8da2e95121c9b9b93727b1b896e3fa105b2f586"},
    {file = "lxml-4.6.3-cp35-cp35m-manylinux2010_i686.whl", hash = "sha256:4c61b3a0db43a1607d6264166b230438f85bfed02e8cff20c22e564d0faff354"},
    {file = "lxml-4.6.3-cp35-cp35m-manylinux2014_x86_64.whl", hash = "sha256:5c8c163396cc0df3fd151b927e74f6e4acd67160d6c33304e805b84293351d16"},
    {file = "lxml-4.6.3-cp35-cp35m-win32.whl", hash = "sha256:f2380a6376dfa090227b663f9678150ef27543483055cc327555fb592c5967e2"},
    {file = "lxml-4.6.3-cp35-cp35m-win_amd64.whl", hash = "sha256:c4f05c5a7c49d2fb70223d0d5bcfbe474cf928310ac9fa6a7c6dddc831d0b1d4"},
    {file = "lxml-4.6.3-cp36-cp36m-macosx_10_9_x86_64.whl", hash = "sha256:d2e35d7bf1c1ac8c538f88d26b396e73dd81440d59c1ef8522e1ea77b345ede4"},
    {file = "lxml-4.6.3-cp36-cp36m-manylinux1_i686.whl", hash = "sha256:289e9ca1a9287f08daaf796d96e06cb2bc2958891d7911ac7cae1c5f9e1e0ee3"},
    {file = "lxml-4.6.3-cp36-cp36m-manylinux1_x86_64.whl", hash = "sha256:bccbfc27563652de7dc9bdc595cb25e90b59c5f8e23e806ed0fd623755b6565d"},
    {file = "lxml-4.6.3-cp36-cp36m-manylinux2010_i686.whl", hash = "sha256:d916d31fd85b2f78c76400d625076d9124de3e4bda8b016d25a050cc7d603f24"},
    {file = "lxml-4.6.3-cp36-cp36m-manylinux2014_aarch64.whl", hash = "sha256:820628b7b3135403540202e60551e741f9b6d3304371712521be939470b454ec"},
    {file = "lxml-4.6.3-cp36-cp36m-manylinux2014_x86_64.whl", hash = "sha256:c47ff7e0a36d4efac9fd692cfa33fbd0636674c102e9e8d9b26e1b93a94e7617"},
    {file = "lxml-4.6.3-cp36-cp36m-win32.whl", hash = "sha256:5a0a14e264069c03e46f926be0d8919f4105c1623d620e7ec0e612a2e9bf1c04"},
    {file = "lxml-4.6.3-cp36-cp36m-win_amd64.whl", hash = "sha256:92e821e43ad382332eade6812e298dc9701c75fe289f2a2d39c7960b43d1e92a"},
    {file = "lxml-4.6.3-cp37-cp37m-macosx_10_9_x86_64.whl", hash = "sha256:efd7a09678fd8b53117f6bae4fa3825e0a22b03ef0a932e070c0bdbb3a35e654"},
    {file = "lxml-4.6.3-cp37-cp37m-manylinux1_i686.whl", hash = "sha256:efac139c3f0bf4f0939f9375af4b02c5ad83a622de52d6dfa8e438e8e01d0eb0"},
    {file = "lxml-4.6.3-cp37-cp37m-manylinux1_x86_64.whl", hash = "sha256:0fbcf5565ac01dff87cbfc0ff323515c823081c5777a9fc7703ff58388c258c3"},
    {file = "lxml-4.6.3-cp37-cp37m-manylinux2010_i686.whl", hash = "sha256:36108c73739985979bf302006527cf8a20515ce444ba916281d1c43938b8bb96"},
    {file = "lxml-4.6.3-cp37-cp37m-manylinux2014_aarch64.whl", hash = "sha256:122fba10466c7bd4178b07dba427aa516286b846b2cbd6f6169141917283aae2"},
    {file = "lxml-4.6.3-cp37-cp37m-manylinux2014_x86_64.whl", hash = "sha256:cdaf11d2bd275bf391b5308f86731e5194a21af45fbaaaf1d9e8147b9160ea92"},
    {file = "lxml-4.6.3-cp37-cp37m-win32.whl", hash = "sha256:3439c71103ef0e904ea0a1901611863e51f50b5cd5e8654a151740fde5e1cade"},
    {file = "lxml-4.6.3-cp37-cp37m-win_amd64.whl", hash = "sha256:4289728b5e2000a4ad4ab8da6e1db2e093c63c08bdc0414799ee776a3f78da4b"},
    {file = "lxml-4.6.3-cp38-cp38-macosx_10_9_x86_64.whl", hash = "sha256:b007cbb845b28db4fb8b6a5cdcbf65bacb16a8bd328b53cbc0698688a68e1caa"},
    {file = "lxml-4.6.3-cp38-cp38-manylinux1_i686.whl", hash = "sha256:76fa7b1362d19f8fbd3e75fe2fb7c79359b0af8747e6f7141c338f0bee2f871a"},
    {file = "lxml-4.6.3-cp38-cp38-manylinux1_x86_64.whl", hash = "sha256:26e761ab5b07adf5f555ee82fb4bfc35bf93750499c6c7614bd64d12aaa67927"},
    {file = "lxml-4.6.3-cp38-cp38-manylinux2010_i686.whl", hash = "sha256:e1cbd3f19a61e27e011e02f9600837b921ac661f0c40560eefb366e4e4fb275e"},
    {file = "lxml-4.6.3-cp38-cp38-manylinux2014_aarch64.whl", hash = "sha256:66e575c62792c3f9ca47cb8b6fab9e35bab91360c783d1606f758761810c9791"},
    {file = "lxml-4.6.3-cp38-cp38-manylinux2014_x86_64.whl", hash = "sha256:1b38116b6e628118dea5b2186ee6820ab138dbb1e24a13e478490c7db2f326ae"},
    {file = "lxml-4.6.3-cp38-cp38-win32.whl", hash = "sha256:89b8b22a5ff72d89d48d0e62abb14340d9e99fd637d046c27b8b257a01ffbe28"},
    {file = "lxml-4.6.3-cp38-cp38-win_amd64.whl", hash = "sha256:2a9d50e69aac3ebee695424f7dbd7b8c6d6eb7de2a2eb6b0f6c7db6aa41e02b7"},
    {file = "lxml-4.6.3-cp39-cp39-macosx_10_9_x86_64.whl", hash = "sha256:ce256aaa50f6cc9a649c51be3cd4ff142d67295bfc4f490c9134d0f9f6d58ef0"},
    {file = "lxml-4.6.3-cp39-cp39-manylinux1_i686.whl", hash = "sha256:7610b8c31688f0b1be0ef882889817939490a36d0ee880ea562a4e1399c447a1"},
    {file = "lxml-4.6.3-cp39-cp39-manylinux1_x86_64.whl", hash = "sha256:f8380c03e45cf09f8557bdaa41e1fa7c81f3ae22828e1db470ab2a6c96d8bc23"},
    {file = "lxml-4.6.3-cp39-cp39-manylinux2010_i686.whl", hash = "sha256:3082c518be8e97324390614dacd041bb1358c882d77108ca1957ba47738d9d59"},
    {file = "lxml-4.6.3-cp39-cp39-manylinux2014_aarch64.whl", hash = "sha256:884ab9b29feaca361f7f88d811b1eea9bfca36cf3da27768d28ad45c3ee6f969"},
    {file = "lxml-4.6.3-cp39-cp39-manylinux2014_x86_64.whl", hash = "sha256:6f12e1427285008fd32a6025e38e977d44d6382cf28e7201ed10d6c1698d2a9a"},
    {file = "lxml-4.6.3-cp39-cp39-win32.whl", hash = "sha256:33bb934a044cf32157c12bfcfbb6649807da20aa92c062ef51903415c704704f"},
    {file = "lxml-4.6.3-cp39-cp39-win_amd64.whl", hash = "sha256:542d454665a3e277f76954418124d67516c5f88e51a900365ed54a9806122b83"},
    {file = "lxml-4.6.3.tar.gz", hash = "sha256:39b78571b3b30645ac77b95f7c69d1bffc4cf8c3b157c435a34da72e78c82468"},
]
nodeenv = [
    {file = "nodeenv-1.4.0-py2.py3-none-any.whl", hash = "sha256:4b0b77afa3ba9b54f4b6396e60b0c83f59eaeb2d63dc3cc7a70f7f4af96c82bc"},
    {file = "nodeenv-1.4.0.tar.gz", hash = "sha256:26941644654d8dd5378720e38f62a3bac5f9240811fb3b8913d2663a17baa91c"},
]
pre-commit = [
    {file = "pre_commit-2.12.1-py2.py3-none-any.whl", hash = "sha256:70c5ec1f30406250b706eda35e868b87e3e4ba099af8787e3e8b4b01e84f4712"},
    {file = "pre_commit-2.12.1.tar.gz", hash = "sha256:900d3c7e1bf4cf0374bb2893c24c23304952181405b4d88c9c40b72bda1bb8a9"},
]
python-gnupg = [
    {file = "python-gnupg-0.4.8.tar.gz", hash = "sha256:b64de1ae5cedf872b437201a566fa2c62ce0c95ea2e30177eb53aee1258507d7"},
    {file = "python_gnupg-0.4.8-py2.py3-none-any.whl", hash = "sha256:93a521501d6c2785d96b190aec7125ba89c1c2fe708b0c98af3fb32b59026ab8"},
]
pyyaml = [
    {file = "PyYAML-5.4-cp27-cp27m-macosx_10_9_x86_64.whl", hash = "sha256:f7a21e3d99aa3095ef0553e7ceba36fb693998fbb1226f1392ce33681047465f"},
    {file = "PyYAML-5.4-cp27-cp27m-win32.whl", hash = "sha256:52bf0930903818e600ae6c2901f748bc4869c0c406056f679ab9614e5d21a166"},
    {file = "PyYAML-5.4-cp27-cp27m-win_amd64.whl", hash = "sha256:a36a48a51e5471513a5aea920cdad84cbd56d70a5057cca3499a637496ea379c"},
    {file = "PyYAML-5.4-cp27-cp27mu-manylinux1_x86_64.whl", hash = "sha256:5e7ac4e0e79a53451dc2814f6876c2fa6f71452de1498bbe29c0b54b69a986f4"},
    {file = "PyYAML-5.4-cp36-cp36m-macosx_10_9_x86_64.whl", hash = "sha256:cc552b6434b90d9dbed6a4f13339625dc466fd82597119897e9489c953acbc22"},
    {file = "PyYAML-5.4-cp36-cp36m-manylinux1_x86_64.whl", hash = "sha256:0dc9f2eb2e3c97640928dec63fd8dc1dd91e6b6ed236bd5ac00332b99b5c2ff9"},
    {file = "PyYAML-5.4-cp36-cp36m-win32.whl", hash = "sha256:5a3f345acff76cad4aa9cb171ee76c590f37394186325d53d1aa25318b0d4a09"},
    {file = "PyYAML-5.4-cp36-cp36m-win_amd64.whl", hash = "sha256:f3790156c606299ff499ec44db422f66f05a7363b39eb9d5b064f17bd7d7c47b"},
    {file = "PyYAML-5.4-cp37-cp37m-macosx_10_9_x86_64.whl", hash = "sha256:124fd7c7bc1e95b1eafc60825f2daf67c73ce7b33f1194731240d24b0d1bf628"},
    {file = "PyYAML-5.4-cp37-cp37m-manylinux1_x86_64.whl", hash = "sha256:8b818b6c5a920cbe4203b5a6b14256f0e5244338244560da89b7b0f1313ea4b6"},
    {file = "PyYAML-5.4-cp37-cp37m-win32.whl", hash = "sha256:737bd70e454a284d456aa1fa71a0b429dd527bcbf52c5c33f7c8eee81ac16b89"},
    {file = "PyYAML-5.4-cp37-cp37m-win_amd64.whl", hash = "sha256:7242790ab6c20316b8e7bb545be48d7ed36e26bbe279fd56f2c4a12510e60b4b"},
    {file = "PyYAML-5.4-cp38-cp38-macosx_10_9_x86_64.whl", hash = "sha256:cc547d3ead3754712223abb7b403f0a184e4c3eae18c9bb7fd15adef1597cc4b"},
    {file = "PyYAML-5.4-cp38-cp38-manylinux1_x86_64.whl", hash = "sha256:8635d53223b1f561b081ff4adecb828fd484b8efffe542edcfdff471997f7c39"},
    {file = "PyYAML-5.4-cp38-cp38-win32.whl", hash = "sha256:26fcb33776857f4072601502d93e1a619f166c9c00befb52826e7b774efaa9db"},
    {file = "PyYAML-5.4-cp38-cp38-win_amd64.whl", hash = "sha256:b2243dd033fd02c01212ad5c601dafb44fbb293065f430b0d3dbf03f3254d615"},
    {file = "PyYAML-5.4-cp39-cp39-macosx_10_9_x86_64.whl", hash = "sha256:31ba07c54ef4a897758563e3a0fcc60077698df10180abe4b8165d9895c00ebf"},
    {file = "PyYAML-5.4-cp39-cp39-manylinux1_x86_64.whl", hash = "sha256:02c78d77281d8f8d07a255e57abdbf43b02257f59f50cc6b636937d68efa5dd0"},
    {file = "PyYAML-5.4-cp39-cp39-win32.whl", hash = "sha256:fdc6b2cb4b19e431994f25a9160695cc59a4e861710cc6fc97161c5e845fc579"},
    {file = "PyYAML-5.4-cp39-cp39-win_amd64.whl", hash = "sha256:8bf38641b4713d77da19e91f8b5296b832e4db87338d6aeffe422d42f1ca896d"},
    {file = "PyYAML-5.4.tar.gz", hash = "sha256:3c49e39ac034fd64fd576d63bb4db53cda89b362768a67f07749d55f128ac18a"},
]
requests = [
    {file = "requests-2.25.1-py2.py3-none-any.whl", hash = "sha256:c210084e36a42ae6b9219e00e48287def368a26d03a048ddad7bfee44f75871e"},
    {file = "requests-2.25.1.tar.gz", hash = "sha256:27973dd4a904a4f13b263a19c866c13b92a39ed1c964655f025f3f8d3d75b804"},
]
six = [
    {file = "six-1.15.0-py2.py3-none-any.whl", hash = "sha256:8b74bedcbbbaca38ff6d7491d76f2b06b3592611af620f8426e82dddb04a5ced"},
    {file = "six-1.15.0.tar.gz", hash = "sha256:30639c035cdb23534cd4aa2dd52c3bf48f06e5f4a941509c8bafd8ce11080259"},
]
toml = [
    {file = "toml-0.10.1-py2.py3-none-any.whl", hash = "sha256:bda89d5935c2eac546d648028b9901107a595863cb36bae0c73ac804a9b4ce88"},
    {file = "toml-0.10.1.tar.gz", hash = "sha256:926b612be1e5ce0634a2ca03470f95169cf16f939018233a670519cb4ac58b0f"},
]
urllib3 = [
    {file = "urllib3-1.25.9-py2.py3-none-any.whl", hash = "sha256:88206b0eb87e6d677d424843ac5209e3fb9d0190d0ee169599165ec25e9d9115"},
    {file = "urllib3-1.25.9.tar.gz", hash = "sha256:3018294ebefce6572a474f0604c2021e33b3fd8006ecd11d62107a5d2a963527"},
]
virtualenv = [
    {file = "virtualenv-20.0.27-py2.py3-none-any.whl", hash = "sha256:c51f1ba727d1614ce8fd62457748b469fbedfdab2c7e5dd480c9ae3fbe1233f1"},
    {file = "virtualenv-20.0.27.tar.gz", hash = "sha256:26cdd725a57fef4c7c22060dba4647ebd8ca377e30d1c1cf547b30a0b79c43b4"},
]
zipp = [
    {file = "zipp-3.1.0-py3-none-any.whl", hash = "sha256:aa36550ff0c0b7ef7fa639055d797116ee891440eac1a56f378e2d3179e0320b"},
    {file = "zipp-3.1.0.tar.gz", hash = "sha256:c599e4d75c98f6798c509911d08a22e6c021d074469042177c8c86fb92eefd96"},
]
